
Microsoft Visual Studio Solution File, Format Version 12.00
# Visual Studio Version 17
VisualStudioVersion = 17.4.33403.182
MinimumVisualStudioVersion = 10.0.40219.1
Project("{FAE04EC0-301F-11D3-BF4B-00C04F79EFBC}") = "JocRPG", "JocRPG\JocRPG.csproj", "{D65C2F82-604D-4398-A2B0-57113B4D8374}"
EndProject
Global
	GlobalSection(SolutionConfigurationPlatforms) = preSolution
		Debug|Any CPU = Debug|Any CPU
		Release|Any CPU = Release|Any CPU
	EndGlobalSection
	GlobalSection(ProjectConfigurationPlatforms) = postSolution
		{D65C2F82-604D-4398-A2B0-57113B4D8374}.Debug|Any CPU.ActiveCfg = Debug|Any CPU
		{D65C2F82-604D-4398-A2B0-57113B4D8374}.Debug|Any CPU.Build.0 = Debug|Any CPU
		{D65C2F82-604D-4398-A2B0-57113B4D8374}.Release|Any CPU.ActiveCfg = Release|Any CPU
		{D65C2F82-604D-4398-A2B0-57113B4D8374}.Release|Any CPU.Build.0 = Release|Any CPU
	EndGlobalSection
	GlobalSection(SolutionProperties) = preSolution
		HideSolutionNode = FALSE
	EndGlobalSection
	GlobalSection(ExtensibilityGlobals) = postSolution
		SolutionGuid = {49E84064-8DD0-4730-A0CE-81589D206094}
	EndGlobalSection
EndGlobal
